
Microsoft Visual Studio Solution File, Format Version 12.00
# Visual Studio 2013
VisualStudioVersion = 12.0.21005.1
MinimumVisualStudioVersion = 10.0.40219.1
Project("{FAE04EC0-301F-11D3-BF4B-00C04F79EFBC}") = "FactoryPattern", "FactoryPattern\FactoryPattern.csproj", "{E8FDAF0F-C93C-4D67-B0EA-3137FEA244BD}"
EndProject
Project("{FAE04EC0-301F-11D3-BF4B-00C04F79EFBC}") = "StrategyPattern", "StrategyPattern\StrategyPattern.csproj", "{A0728664-4D10-4328-84EF-520EEC7A5E3D}"
EndProject
Project("{FAE04EC0-301F-11D3-BF4B-00C04F79EFBC}") = "DecoratorPattern", "DecoratorPattern\DecoratorPattern.csproj", "{1949456A-4569-42FA-B87E-891B0EB05E60}"
EndProject
Project("{FAE04EC0-301F-11D3-BF4B-00C04F79EFBC}") = "AdapterPattern", "AdapterPattern\AdapterPattern.csproj", "{203346AC-6B72-4A19-9866-33F90C0D130F}"
EndProject
Project("{FAE04EC0-301F-11D3-BF4B-00C04F79EFBC}") = "AbstractFactoryPattern", "AbstractFactoryPattern\AbstractFactoryPattern.csproj", "{9C838203-FA7D-4FDC-B17F-1245E7F5A143}"
EndProject
Project("{FAE04EC0-301F-11D3-BF4B-00C04F79EFBC}") = "ObserverPattern", "ObserverPattern\ObserverPattern.csproj", "{BF0F1D91-0FE3-4EEE-941F-2E01B3D99F86}"
EndProject
Project("{FAE04EC0-301F-11D3-BF4B-00C04F79EFBC}") = "ProxyPattern", "ProxyPattern\ProxyPattern.csproj", "{CD22333A-6084-4A37-854D-198A871A2B7E}"
EndProject
Project("{FAE04EC0-301F-11D3-BF4B-00C04F79EFBC}") = "SingletonPattern", "SingletonPattern\SingletonPattern.csproj", "{9BCAD42A-52BF-47B1-ACCA-63AE660C434A}"
EndProject
Project("{FAE04EC0-301F-11D3-BF4B-00C04F79EFBC}") = "VisitorPattern", "VisitorPattern\VisitorPattern.csproj", "{F0A4C9E1-BAF6-4686-A2A7-DFAB27AC00DC}"
EndProject
Project("{FAE04EC0-301F-11D3-BF4B-00C04F79EFBC}") = "BridgePattern", "BridgePattern\BridgePattern.csproj", "{44F87C62-92EC-40A4-9C9C-F0B201251DEB}"
EndProject
Project("{FAE04EC0-301F-11D3-BF4B-00C04F79EFBC}") = "BuilderPattern", "BuilderPattern\BuilderPattern.csproj", "{31B24E6F-2B1F-458B-BFD2-B387D3373952}"
EndProject
Project("{FAE04EC0-301F-11D3-BF4B-00C04F79EFBC}") = "CommandPattern", "CommandPattern\CommandPattern.csproj", "{F08BB822-EE68-4D56-B9E7-7182B902924A}"
EndProject
Project("{FAE04EC0-301F-11D3-BF4B-00C04F79EFBC}") = "CompositePattern", "CompositePattern\CompositePattern.csproj", "{070B6B43-E170-4C48-9580-3F0EB7B0F50F}"
EndProject
Project("{FAE04EC0-301F-11D3-BF4B-00C04F79EFBC}") = "FacadePattern", "FacadePattern\FacadePattern.csproj", "{F5B08147-73AC-40A0-8384-3413D6D9645B}"
EndProject
Global
	GlobalSection(SolutionConfigurationPlatforms) = preSolution
		Debug|x86 = Debug|x86
		Release|x86 = Release|x86
	EndGlobalSection
	GlobalSection(ProjectConfigurationPlatforms) = postSolution
		{E8FDAF0F-C93C-4D67-B0EA-3137FEA244BD}.Debug|x86.ActiveCfg = Debug|x86
		{E8FDAF0F-C93C-4D67-B0EA-3137FEA244BD}.Debug|x86.Build.0 = Debug|x86
		{E8FDAF0F-C93C-4D67-B0EA-3137FEA244BD}.Release|x86.ActiveCfg = Release|x86
		{E8FDAF0F-C93C-4D67-B0EA-3137FEA244BD}.Release|x86.Build.0 = Release|x86
		{A0728664-4D10-4328-84EF-520EEC7A5E3D}.Debug|x86.ActiveCfg = Debug|x86
		{A0728664-4D10-4328-84EF-520EEC7A5E3D}.Debug|x86.Build.0 = Debug|x86
		{A0728664-4D10-4328-84EF-520EEC7A5E3D}.Release|x86.ActiveCfg = Release|x86
		{A0728664-4D10-4328-84EF-520EEC7A5E3D}.Release|x86.Build.0 = Release|x86
		{1949456A-4569-42FA-B87E-891B0EB05E60}.Debug|x86.ActiveCfg = Debug|x86
		{1949456A-4569-42FA-B87E-891B0EB05E60}.Debug|x86.Build.0 = Debug|x86
		{1949456A-4569-42FA-B87E-891B0EB05E60}.Release|x86.ActiveCfg = Release|x86
		{1949456A-4569-42FA-B87E-891B0EB05E60}.Release|x86.Build.0 = Release|x86
		{203346AC-6B72-4A19-9866-33F90C0D130F}.Debug|x86.ActiveCfg = Debug|x86
		{203346AC-6B72-4A19-9866-33F90C0D130F}.Debug|x86.Build.0 = Debug|x86
		{203346AC-6B72-4A19-9866-33F90C0D130F}.Release|x86.ActiveCfg = Release|x86
		{203346AC-6B72-4A19-9866-33F90C0D130F}.Release|x86.Build.0 = Release|x86
		{9C838203-FA7D-4FDC-B17F-1245E7F5A143}.Debug|x86.ActiveCfg = Debug|x86
		{9C838203-FA7D-4FDC-B17F-1245E7F5A143}.Debug|x86.Build.0 = Debug|x86
		{9C838203-FA7D-4FDC-B17F-1245E7F5A143}.Release|x86.ActiveCfg = Release|x86
		{9C838203-FA7D-4FDC-B17F-1245E7F5A143}.Release|x86.Build.0 = Release|x86
		{BF0F1D91-0FE3-4EEE-941F-2E01B3D99F86}.Debug|x86.ActiveCfg = Debug|x86
		{BF0F1D91-0FE3-4EEE-941F-2E01B3D99F86}.Debug|x86.Build.0 = Debug|x86
		{BF0F1D91-0FE3-4EEE-941F-2E01B3D99F86}.Release|x86.ActiveCfg = Release|x86
		{BF0F1D91-0FE3-4EEE-941F-2E01B3D99F86}.Release|x86.Build.0 = Release|x86
		{CD22333A-6084-4A37-854D-198A871A2B7E}.Debug|x86.ActiveCfg = Debug|x86
		{CD22333A-6084-4A37-854D-198A871A2B7E}.Debug|x86.Build.0 = Debug|x86
		{CD22333A-6084-4A37-854D-198A871A2B7E}.Release|x86.ActiveCfg = Release|x86
		{CD22333A-6084-4A37-854D-198A871A2B7E}.Release|x86.Build.0 = Release|x86
		{9BCAD42A-52BF-47B1-ACCA-63AE660C434A}.Debug|x86.ActiveCfg = Debug|x86
		{9BCAD42A-52BF-47B1-ACCA-63AE660C434A}.Debug|x86.Build.0 = Debug|x86
		{9BCAD42A-52BF-47B1-ACCA-63AE660C434A}.Release|x86.ActiveCfg = Release|x86
		{9BCAD42A-52BF-47B1-ACCA-63AE660C434A}.Release|x86.Build.0 = Release|x86
		{F0A4C9E1-BAF6-4686-A2A7-DFAB27AC00DC}.Debug|x86.ActiveCfg = Debug|x86
		{F0A4C9E1-BAF6-4686-A2A7-DFAB27AC00DC}.Debug|x86.Build.0 = Debug|x86
		{F0A4C9E1-BAF6-4686-A2A7-DFAB27AC00DC}.Release|x86.ActiveCfg = Release|x86
		{F0A4C9E1-BAF6-4686-A2A7-DFAB27AC00DC}.Release|x86.Build.0 = Release|x86
		{44F87C62-92EC-40A4-9C9C-F0B201251DEB}.Debug|x86.ActiveCfg = Debug|x86
		{44F87C62-92EC-40A4-9C9C-F0B201251DEB}.Debug|x86.Build.0 = Debug|x86
		{44F87C62-92EC-40A4-9C9C-F0B201251DEB}.Release|x86.ActiveCfg = Release|x86
		{44F87C62-92EC-40A4-9C9C-F0B201251DEB}.Release|x86.Build.0 = Release|x86
		{31B24E6F-2B1F-458B-BFD2-B387D3373952}.Debug|x86.ActiveCfg = Debug|x86
		{31B24E6F-2B1F-458B-BFD2-B387D3373952}.Debug|x86.Build.0 = Debug|x86
		{31B24E6F-2B1F-458B-BFD2-B387D3373952}.Release|x86.ActiveCfg = Release|x86
		{31B24E6F-2B1F-458B-BFD2-B387D3373952}.Release|x86.Build.0 = Release|x86
		{F08BB822-EE68-4D56-B9E7-7182B902924A}.Debug|x86.ActiveCfg = Debug|x86
		{F08BB822-EE68-4D56-B9E7-7182B902924A}.Debug|x86.Build.0 = Debug|x86
		{F08BB822-EE68-4D56-B9E7-7182B902924A}.Release|x86.ActiveCfg = Release|x86
		{F08BB822-EE68-4D56-B9E7-7182B902924A}.Release|x86.Build.0 = Release|x86
		{070B6B43-E170-4C48-9580-3F0EB7B0F50F}.Debug|x86.ActiveCfg = Debug|x86
		{070B6B43-E170-4C48-9580-3F0EB7B0F50F}.Debug|x86.Build.0 = Debug|x86
		{070B6B43-E170-4C48-9580-3F0EB7B0F50F}.Release|x86.ActiveCfg = Release|x86
		{070B6B43-E170-4C48-9580-3F0EB7B0F50F}.Release|x86.Build.0 = Release|x86
		{F5B08147-73AC-40A0-8384-3413D6D9645B}.Debug|x86.ActiveCfg = Debug|x86
		{F5B08147-73AC-40A0-8384-3413D6D9645B}.Debug|x86.Build.0 = Debug|x86
		{F5B08147-73AC-40A0-8384-3413D6D9645B}.Release|x86.ActiveCfg = Release|x86
		{F5B08147-73AC-40A0-8384-3413D6D9645B}.Release|x86.Build.0 = Release|x86
	EndGlobalSection
	GlobalSection(SolutionProperties) = preSolution
		HideSolutionNode = FALSE
	EndGlobalSection
EndGlobal
